// !$*UTF8*$!
{
	archiveVersion = 1;
	classes = {
	};
	objectVersion = 77;
	objects = {

/* Begin PBXBuildFile section */
		092E61B3804E9F8801327437 /* MLXLMCommon in Frameworks */ = {isa = PBXBuildFile; productRef = 0C601F555E65C56730F577A7 /* MLXLMCommon */; };
		0AFA0E65B87EF6711AA66C87 /* IntentDetector.swift in Sources */ = {isa = PBXBuildFile; fileRef = 98DF45E68CD16EAF7F8C2A94 /* IntentDetector.swift */; };
		17E851C3AA071D55922E6D29 /* WebSearchCoordinator.swift in Sources */ = {isa = PBXBuildFile; fileRef = 6CCFE0634586465553270916 /* WebSearchCoordinator.swift */; };
		1955C1FF97B99501015CE8DB /* WebSearchIndicator.swift in Sources */ = {isa = PBXBuildFile; fileRef = FFCCC28C7F042EE03B6370F9 /* WebSearchIndicator.swift */; };
		222F8A10A5DA8A7EB09C4AD3 /* LLMService.swift in Sources */ = {isa = PBXBuildFile; fileRef = 0095A99BF5C9E3DE2720938C /* LLMService.swift */; };
		2938CF5A8A400B358C045F50 /* WebSearchError.swift in Sources */ = {isa = PBXBuildFile; fileRef = 7927A588297A2D7C8F34D410 /* WebSearchError.swift */; };
		4E5B5F39C015F4EA31C67FD6 /* QuerySanitizer.swift in Sources */ = {isa = PBXBuildFile; fileRef = 3AE14E5467E53EBD0720D29F /* QuerySanitizer.swift */; };
		56A82297ADCC034DEC96451D /* MLXLLM in Frameworks */ = {isa = PBXBuildFile; productRef = D4C5365B4C6DE80FE85529A2 /* MLXLLM */; };
		5D9A3A2ECE5E6E1B6736B78F /* SearchUsageTracker.swift in Sources */ = {isa = PBXBuildFile; fileRef = 01ED81CF2D1F216861315F22 /* SearchUsageTracker.swift */; };
		646554240DC02BC141B43540 /* ContentView.swift in Sources */ = {isa = PBXBuildFile; fileRef = BE1E52C125609CDFDB40A0B4 /* ContentView.swift */; };
		832768319A10696FB161263E /* MessageBubble.swift in Sources */ = {isa = PBXBuildFile; fileRef = DA85695206537E57C6040CD7 /* MessageBubble.swift */; };
		866C748E600BB498C95CB05A /* JuboApp.swift in Sources */ = {isa = PBXBuildFile; fileRef = 2BA80E41C347597FEDD95E77 /* JuboApp.swift */; };
		9D6536B7F556D345E84B1554 /* SettingsView.swift in Sources */ = {isa = PBXBuildFile; fileRef = 290262D06893EC7C8725CDA3 /* SettingsView.swift */; };
		B04A41E933CB24FB7773B0DA /* ConversationListView.swift in Sources */ = {isa = PBXBuildFile; fileRef = 74376A2AE0A35BA3D060BCF1 /* ConversationListView.swift */; };
		B09CF49AF9A5098BA3F1A334 /* ChatViewModel.swift in Sources */ = {isa = PBXBuildFile; fileRef = F8D6ABDB23AC4FD959C23F37 /* ChatViewModel.swift */; };
		D8667A80F1D458EC5E7A762F /* Conversation.swift in Sources */ = {isa = PBXBuildFile; fileRef = 058637BD2CD09E275DE8899F /* Conversation.swift */; };
		EB0E284A8C6D7AEE9206D71B /* ChatView.swift in Sources */ = {isa = PBXBuildFile; fileRef = 165319D3788EF9D805F20FD3 /* ChatView.swift */; };
		F5C50BE62C51A8A88ECB6B1C /* Message.swift in Sources */ = {isa = PBXBuildFile; fileRef = FC3D13524EBD2D3F1B01EA28 /* Message.swift */; };
		FB8F0BE11514EBA548F0672B /* SearchContextFormatter.swift in Sources */ = {isa = PBXBuildFile; fileRef = C5179ACD356D24C317F32B95 /* SearchContextFormatter.swift */; };
		FE2AEDFC5F8570B7B1B3C7D7 /* BraveSearchService.swift in Sources */ = {isa = PBXBuildFile; fileRef = 5FFF56DC9936930D5645B988 /* BraveSearchService.swift */; };
/* End PBXBuildFile section */

/* Begin PBXFileReference section */
		0095A99BF5C9E3DE2720938C /* LLMService.swift */ = {isa = PBXFileReference; lastKnownFileType = sourcecode.swift; path = LLMService.swift; sourceTree = "<group>"; };
		01ED81CF2D1F216861315F22 /* SearchUsageTracker.swift */ = {isa = PBXFileReference; lastKnownFileType = sourcecode.swift; path = SearchUsageTracker.swift; sourceTree = "<group>"; };
		058637BD2CD09E275DE8899F /* Conversation.swift */ = {isa = PBXFileReference; lastKnownFileType = sourcecode.swift; path = Conversation.swift; sourceTree = "<group>"; };
		165319D3788EF9D805F20FD3 /* ChatView.swift */ = {isa = PBXFileReference; lastKnownFileType = sourcecode.swift; path = ChatView.swift; sourceTree = "<group>"; };
		290262D06893EC7C8725CDA3 /* SettingsView.swift */ = {isa = PBXFileReference; lastKnownFileType = sourcecode.swift; path = SettingsView.swift; sourceTree = "<group>"; };
		2BA80E41C347597FEDD95E77 /* JuboApp.swift */ = {isa = PBXFileReference; lastKnownFileType = sourcecode.swift; path = JuboApp.swift; sourceTree = "<group>"; };
		34FD4806632B808FFDB8881F /* Jubo.app */ = {isa = PBXFileReference; includeInIndex = 0; lastKnownFileType = wrapper.application; path = Jubo.app; sourceTree = BUILT_PRODUCTS_DIR; };
		3AE14E5467E53EBD0720D29F /* QuerySanitizer.swift */ = {isa = PBXFileReference; lastKnownFileType = sourcecode.swift; path = QuerySanitizer.swift; sourceTree = "<group>"; };
		5FFF56DC9936930D5645B988 /* BraveSearchService.swift */ = {isa = PBXFileReference; lastKnownFileType = sourcecode.swift; path = BraveSearchService.swift; sourceTree = "<group>"; };
		6CCFE0634586465553270916 /* WebSearchCoordinator.swift */ = {isa = PBXFileReference; lastKnownFileType = sourcecode.swift; path = WebSearchCoordinator.swift; sourceTree = "<group>"; };
		74376A2AE0A35BA3D060BCF1 /* ConversationListView.swift */ = {isa = PBXFileReference; lastKnownFileType = sourcecode.swift; path = ConversationListView.swift; sourceTree = "<group>"; };
		7927A588297A2D7C8F34D410 /* WebSearchError.swift */ = {isa = PBXFileReference; lastKnownFileType = sourcecode.swift; path = WebSearchError.swift; sourceTree = "<group>"; };
		98DF45E68CD16EAF7F8C2A94 /* IntentDetector.swift */ = {isa = PBXFileReference; lastKnownFileType = sourcecode.swift; path = IntentDetector.swift; sourceTree = "<group>"; };
		BE1E52C125609CDFDB40A0B4 /* ContentView.swift */ = {isa = PBXFileReference; lastKnownFileType = sourcecode.swift; path = ContentView.swift; sourceTree = "<group>"; };
		C5179ACD356D24C317F32B95 /* SearchContextFormatter.swift */ = {isa = PBXFileReference; lastKnownFileType = sourcecode.swift; path = SearchContextFormatter.swift; sourceTree = "<group>"; };
		DA85695206537E57C6040CD7 /* MessageBubble.swift */ = {isa = PBXFileReference; lastKnownFileType = sourcecode.swift; path = MessageBubble.swift; sourceTree = "<group>"; };
		E90508DE35F29BBE035872CE /* Jubo.entitlements */ = {isa = PBXFileReference; lastKnownFileType = text.plist.entitlements; path = Jubo.entitlements; sourceTree = "<group>"; };
		F8D6ABDB23AC4FD959C23F37 /* ChatViewModel.swift */ = {isa = PBXFileReference; lastKnownFileType = sourcecode.swift; path = ChatViewModel.swift; sourceTree = "<group>"; };
		FC3D13524EBD2D3F1B01EA28 /* Message.swift */ = {isa = PBXFileReference; lastKnownFileType = sourcecode.swift; path = Message.swift; sourceTree = "<group>"; };
		FFCCC28C7F042EE03B6370F9 /* WebSearchIndicator.swift */ = {isa = PBXFileReference; lastKnownFileType = sourcecode.swift; path = WebSearchIndicator.swift; sourceTree = "<group>"; };
/* End PBXFileReference section */

/* Begin PBXFrameworksBuildPhase section */
		7CA3390EF2B4F3C2266334E8 /* Frameworks */ = {
			isa = PBXFrameworksBuildPhase;
			buildActionMask = 2147483647;
			files = (
				56A82297ADCC034DEC96451D /* MLXLLM in Frameworks */,
				092E61B3804E9F8801327437 /* MLXLMCommon in Frameworks */,
			);
			runOnlyForDeploymentPostprocessing = 0;
		};
/* End PBXFrameworksBuildPhase section */

/* Begin PBXGroup section */
		011C5ACA4B5E7D701E0376C8 /* ViewModels */ = {
			isa = PBXGroup;
			children = (
				F8D6ABDB23AC4FD959C23F37 /* ChatViewModel.swift */,
			);
			path = ViewModels;
			sourceTree = "<group>";
		};
		2ACD4EC48D1D584EC815A5C5 = {
			isa = PBXGroup;
			children = (
				C1577084E21C828A2E970842 /* Jubo */,
				B4AE0234C588F4543B5EC48F /* Products */,
			);
			sourceTree = "<group>";
		};
		5A2131FB788EB578F6F6BB0E /* Resources */ = {
			isa = PBXGroup;
			children = (
			);
			path = Resources;
			sourceTree = "<group>";
		};
		5A28A7307654106C9776EB2F /* WebSearch */ = {
			isa = PBXGroup;
			children = (
				5FFF56DC9936930D5645B988 /* BraveSearchService.swift */,
				98DF45E68CD16EAF7F8C2A94 /* IntentDetector.swift */,
				3AE14E5467E53EBD0720D29F /* QuerySanitizer.swift */,
				C5179ACD356D24C317F32B95 /* SearchContextFormatter.swift */,
				01ED81CF2D1F216861315F22 /* SearchUsageTracker.swift */,
				6CCFE0634586465553270916 /* WebSearchCoordinator.swift */,
				7927A588297A2D7C8F34D410 /* WebSearchError.swift */,
			);
			path = WebSearch;
			sourceTree = "<group>";
		};
		6754246025FD967B4829A470 /* Models */ = {
			isa = PBXGroup;
			children = (
				058637BD2CD09E275DE8899F /* Conversation.swift */,
				FC3D13524EBD2D3F1B01EA28 /* Message.swift */,
			);
			path = Models;
			sourceTree = "<group>";
		};
		AB27ECE8CDAB305CEC10F9C8 /* Services */ = {
			isa = PBXGroup;
			children = (
				0095A99BF5C9E3DE2720938C /* LLMService.swift */,
				5A28A7307654106C9776EB2F /* WebSearch */,
			);
			path = Services;
			sourceTree = "<group>";
		};
		B4AE0234C588F4543B5EC48F /* Products */ = {
			isa = PBXGroup;
			children = (
				34FD4806632B808FFDB8881F /* Jubo.app */,
			);
			name = Products;
			sourceTree = "<group>";
		};
		C1577084E21C828A2E970842 /* Jubo */ = {
			isa = PBXGroup;
			children = (
				BE1E52C125609CDFDB40A0B4 /* ContentView.swift */,
				E90508DE35F29BBE035872CE /* Jubo.entitlements */,
				2BA80E41C347597FEDD95E77 /* JuboApp.swift */,
				6754246025FD967B4829A470 /* Models */,
				5A2131FB788EB578F6F6BB0E /* Resources */,
				AB27ECE8CDAB305CEC10F9C8 /* Services */,
				011C5ACA4B5E7D701E0376C8 /* ViewModels */,
				C81147B13300F7EC7CF3B6A8 /* Views */,
			);
			path = Jubo;
			sourceTree = "<group>";
		};
		C81147B13300F7EC7CF3B6A8 /* Views */ = {
			isa = PBXGroup;
			children = (
				165319D3788EF9D805F20FD3 /* ChatView.swift */,
				74376A2AE0A35BA3D060BCF1 /* ConversationListView.swift */,
				DA85695206537E57C6040CD7 /* MessageBubble.swift */,
				290262D06893EC7C8725CDA3 /* SettingsView.swift */,
				FFCCC28C7F042EE03B6370F9 /* WebSearchIndicator.swift */,
			);
			path = Views;
			sourceTree = "<group>";
		};
/* End PBXGroup section */

/* Begin PBXNativeTarget section */
		02D2838C8C6ED8E0FD857DF0 /* Jubo */ = {
			isa = PBXNativeTarget;
			buildConfigurationList = 2207562F5AF5227E76471658 /* Build configuration list for PBXNativeTarget "Jubo" */;
			buildPhases = (
				A90E802B018FB1D269C08B8D /* Sources */,
				7CA3390EF2B4F3C2266334E8 /* Frameworks */,
			);
			buildRules = (
			);
			dependencies = (
			);
			name = Jubo;
			packageProductDependencies = (
				D4C5365B4C6DE80FE85529A2 /* MLXLLM */,
				0C601F555E65C56730F577A7 /* MLXLMCommon */,
			);
			productName = Jubo;
			productReference = 34FD4806632B808FFDB8881F /* Jubo.app */;
			productType = "com.apple.product-type.application";
		};
/* End PBXNativeTarget section */

/* Begin PBXProject section */
		D9F1A3B9BBE319275D0C4B66 /* Project object */ = {
			isa = PBXProject;
			attributes = {
				BuildIndependentTargetsInParallel = YES;
				LastUpgradeCheck = 1500;
				TargetAttributes = {
					02D2838C8C6ED8E0FD857DF0 = {
						ProvisioningStyle = Automatic;
					};
				};
			};
			buildConfigurationList = 762F51882EB047320FD2503F /* Build configuration list for PBXProject "Jubo" */;
			compatibilityVersion = "Xcode 14.0";
			developmentRegion = en;
			hasScannedForEncodings = 0;
			knownRegions = (
				Base,
				en,
			);
			mainGroup = 2ACD4EC48D1D584EC815A5C5;
			minimizedProjectReferenceProxies = 1;
			packageReferences = (
				3DCF7A5118D22704F7535484 /* XCRemoteSwiftPackageReference "mlx-swift-lm" */,
			);
			preferredProjectObjectVersion = 77;
			projectDirPath = "";
			projectRoot = "";
			targets = (
				02D2838C8C6ED8E0FD857DF0 /* Jubo */,
			);
		};
/* End PBXProject section */

/* Begin PBXSourcesBuildPhase section */
		A90E802B018FB1D269C08B8D /* Sources */ = {
			isa = PBXSourcesBuildPhase;
			buildActionMask = 2147483647;
			files = (
				FE2AEDFC5F8570B7B1B3C7D7 /* BraveSearchService.swift in Sources */,
				EB0E284A8C6D7AEE9206D71B /* ChatView.swift in Sources */,
				B09CF49AF9A5098BA3F1A334 /* ChatViewModel.swift in Sources */,
				646554240DC02BC141B43540 /* ContentView.swift in Sources */,
				D8667A80F1D458EC5E7A762F /* Conversation.swift in Sources */,
				B04A41E933CB24FB7773B0DA /* ConversationListView.swift in Sources */,
				0AFA0E65B87EF6711AA66C87 /* IntentDetector.swift in Sources */,
				866C748E600BB498C95CB05A /* JuboApp.swift in Sources */,
				222F8A10A5DA8A7EB09C4AD3 /* LLMService.swift in Sources */,
				F5C50BE62C51A8A88ECB6B1C /* Message.swift in Sources */,
				832768319A10696FB161263E /* MessageBubble.swift in Sources */,
				4E5B5F39C015F4EA31C67FD6 /* QuerySanitizer.swift in Sources */,
				FB8F0BE11514EBA548F0672B /* SearchContextFormatter.swift in Sources */,
				5D9A3A2ECE5E6E1B6736B78F /* SearchUsageTracker.swift in Sources */,
				9D6536B7F556D345E84B1554 /* SettingsView.swift in Sources */,
				17E851C3AA071D55922E6D29 /* WebSearchCoordinator.swift in Sources */,
				2938CF5A8A400B358C045F50 /* WebSearchError.swift in Sources */,
				1955C1FF97B99501015CE8DB /* WebSearchIndicator.swift in Sources */,
			);
			runOnlyForDeploymentPostprocessing = 0;
		};
/* End PBXSourcesBuildPhase section */

/* Begin XCBuildConfiguration section */
		361814D85D763B839A85BF25 /* Release */ = {
			isa = XCBuildConfiguration;
			buildSettings = {
				ALWAYS_SEARCH_USER_PATHS = NO;
				CLANG_ANALYZER_NONNULL = YES;
				CLANG_ANALYZER_NUMBER_OBJECT_CONVERSION = YES_AGGRESSIVE;
				CLANG_CXX_LANGUAGE_STANDARD = "gnu++14";
				CLANG_CXX_LIBRARY = "libc++";
				CLANG_ENABLE_MODULES = YES;
				CLANG_ENABLE_OBJC_ARC = YES;
				CLANG_ENABLE_OBJC_WEAK = YES;
				CLANG_WARN_BLOCK_CAPTURE_AUTORELEASING = YES;
				CLANG_WARN_BOOL_CONVERSION = YES;
				CLANG_WARN_COMMA = YES;
				CLANG_WARN_CONSTANT_CONVERSION = YES;
				CLANG_WARN_DEPRECATED_OBJC_IMPLEMENTATIONS = YES;
				CLANG_WARN_DIRECT_OBJC_ISA_USAGE = YES_ERROR;
				CLANG_WARN_DOCUMENTATION_COMMENTS = YES;
				CLANG_WARN_EMPTY_BODY = YES;
				CLANG_WARN_ENUM_CONVERSION = YES;
				CLANG_WARN_INFINITE_RECURSION = YES;
				CLANG_WARN_INT_CONVERSION = YES;
				CLANG_WARN_NON_LITERAL_NULL_CONVERSION = YES;
				CLANG_WARN_OBJC_IMPLICIT_RETAIN_SELF = YES;
				CLANG_WARN_OBJC_LITERAL_CONVERSION = YES;
				CLANG_WARN_OBJC_ROOT_CLASS = YES_ERROR;
				CLANG_WARN_QUOTED_INCLUDE_IN_FRAMEWORK_HEADER = YES;
				CLANG_WARN_RANGE_LOOP_ANALYSIS = YES;
				CLANG_WARN_STRICT_PROTOTYPES = YES;
				CLANG_WARN_SUSPICIOUS_MOVE = YES;
				CLANG_WARN_UNGUARDED_AVAILABILITY = YES_AGGRESSIVE;
				CLANG_WARN_UNREACHABLE_CODE = YES;
				CLANG_WARN__DUPLICATE_METHOD_MATCH = YES;
				COPY_PHASE_STRIP = NO;
				CURRENT_PROJECT_VERSION = 1;
				DEBUG_INFORMATION_FORMAT = "dwarf-with-dsym";
				ENABLE_NS_ASSERTIONS = NO;
				ENABLE_STRICT_OBJC_MSGSEND = YES;
				GCC_C_LANGUAGE_STANDARD = gnu11;
				GCC_NO_COMMON_BLOCKS = YES;
				GCC_WARN_64_TO_32_BIT_CONVERSION = YES;
				GCC_WARN_ABOUT_RETURN_TYPE = YES_ERROR;
				GCC_WARN_UNDECLARED_SELECTOR = YES;
				GCC_WARN_UNINITIALIZED_AUTOS = YES_AGGRESSIVE;
				GCC_WARN_UNUSED_FUNCTION = YES;
				GCC_WARN_UNUSED_VARIABLE = YES;
				IPHONEOS_DEPLOYMENT_TARGET = 17.0;
				MARKETING_VERSION = 1.0.0;
				MTL_ENABLE_DEBUG_INFO = NO;
				MTL_FAST_MATH = YES;
				PRODUCT_NAME = "$(TARGET_NAME)";
				SDKROOT = iphoneos;
				SWIFT_COMPILATION_MODE = wholemodule;
				SWIFT_OPTIMIZATION_LEVEL = "-O";
				SWIFT_VERSION = 5.9;
			};
			name = Release;
		};
		6E1E3DB70666E91AF6EBB731 /* Debug */ = {
			isa = XCBuildConfiguration;
			buildSettings = {
				ASSETCATALOG_COMPILER_APPICON_NAME = AppIcon;
				CODE_SIGN_ENTITLEMENTS = Jubo/Jubo.entitlements;
				CODE_SIGN_IDENTITY = "iPhone Developer";
				CODE_SIGN_STYLE = Automatic;
				ENABLE_PREVIEWS = YES;
				GENERATE_INFOPLIST_FILE = YES;
				INFOPLIST_GENERATION_MODE = GeneratedFile;
				INFOPLIST_KEY_CFBundleDisplayName = Jubo;
				INFOPLIST_KEY_UIApplicationSceneManifest_Generation = YES;
				INFOPLIST_KEY_UIApplicationSupportsIndirectInputEvents = YES;
				INFOPLIST_KEY_UILaunchScreen_Generation = YES;
				INFOPLIST_KEY_UISupportedInterfaceOrientations_iPhone = UIInterfaceOrientationPortrait;
				LD_RUNPATH_SEARCH_PATHS = (
					"$(inherited)",
					"@executable_path/Frameworks",
				);
				MTL_ENABLE_DEBUG_INFO = INCLUDE_SOURCE;
				PRODUCT_BUNDLE_IDENTIFIER = com.jubo.app;
				SDKROOT = iphoneos;
				SWIFT_ACTIVE_COMPILATION_CONDITIONS = DEBUG;
				TARGETED_DEVICE_FAMILY = "1,2";
			};
			name = Debug;
		};
		90557DB1E84F01ED01B4E30D /* Release */ = {
			isa = XCBuildConfiguration;
			buildSettings = {
				ASSETCATALOG_COMPILER_APPICON_NAME = AppIcon;
				CODE_SIGN_ENTITLEMENTS = Jubo/Jubo.entitlements;
				CODE_SIGN_IDENTITY = "iPhone Developer";
				CODE_SIGN_STYLE = Automatic;
				ENABLE_PREVIEWS = YES;
				GENERATE_INFOPLIST_FILE = YES;
				INFOPLIST_GENERATION_MODE = GeneratedFile;
				INFOPLIST_KEY_CFBundleDisplayName = Jubo;
				INFOPLIST_KEY_UIApplicationSceneManifest_Generation = YES;
				INFOPLIST_KEY_UIApplicationSupportsIndirectInputEvents = YES;
				INFOPLIST_KEY_UILaunchScreen_Generation = YES;
				INFOPLIST_KEY_UISupportedInterfaceOrientations_iPhone = UIInterfaceOrientationPortrait;
				LD_RUNPATH_SEARCH_PATHS = (
					"$(inherited)",
					"@executable_path/Frameworks",
				);
				MTL_ENABLE_DEBUG_INFO = INCLUDE_SOURCE;
				PRODUCT_BUNDLE_IDENTIFIER = com.jubo.app;
				SDKROOT = iphoneos;
				SWIFT_ACTIVE_COMPILATION_CONDITIONS = DEBUG;
				TARGETED_DEVICE_FAMILY = "1,2";
			};
			name = Release;
		};
		A645E08FE5559DEEBA4F680D /* Debug */ = {
			isa = XCBuildConfiguration;
			buildSettings = {
				ALWAYS_SEARCH_USER_PATHS = NO;
				CLANG_ANALYZER_NONNULL = YES;
				CLANG_ANALYZER_NUMBER_OBJECT_CONVERSION = YES_AGGRESSIVE;
				CLANG_CXX_LANGUAGE_STANDARD = "gnu++14";
				CLANG_CXX_LIBRARY = "libc++";
				CLANG_ENABLE_MODULES = YES;
				CLANG_ENABLE_OBJC_ARC = YES;
				CLANG_ENABLE_OBJC_WEAK = YES;
				CLANG_WARN_BLOCK_CAPTURE_AUTORELEASING = YES;
				CLANG_WARN_BOOL_CONVERSION = YES;
				CLANG_WARN_COMMA = YES;
				CLANG_WARN_CONSTANT_CONVERSION = YES;
				CLANG_WARN_DEPRECATED_OBJC_IMPLEMENTATIONS = YES;
				CLANG_WARN_DIRECT_OBJC_ISA_USAGE = YES_ERROR;
				CLANG_WARN_DOCUMENTATION_COMMENTS = YES;
				CLANG_WARN_EMPTY_BODY = YES;
				CLANG_WARN_ENUM_CONVERSION = YES;
				CLANG_WARN_INFINITE_RECURSION = YES;
				CLANG_WARN_INT_CONVERSION = YES;
				CLANG_WARN_NON_LITERAL_NULL_CONVERSION = YES;
				CLANG_WARN_OBJC_IMPLICIT_RETAIN_SELF = YES;
				CLANG_WARN_OBJC_LITERAL_CONVERSION = YES;
				CLANG_WARN_OBJC_ROOT_CLASS = YES_ERROR;
				CLANG_WARN_QUOTED_INCLUDE_IN_FRAMEWORK_HEADER = YES;
				CLANG_WARN_RANGE_LOOP_ANALYSIS = YES;
				CLANG_WARN_STRICT_PROTOTYPES = YES;
				CLANG_WARN_SUSPICIOUS_MOVE = YES;
				CLANG_WARN_UNGUARDED_AVAILABILITY = YES_AGGRESSIVE;
				CLANG_WARN_UNREACHABLE_CODE = YES;
				CLANG_WARN__DUPLICATE_METHOD_MATCH = YES;
				COPY_PHASE_STRIP = NO;
				CURRENT_PROJECT_VERSION = 1;
				DEBUG_INFORMATION_FORMAT = dwarf;
				ENABLE_STRICT_OBJC_MSGSEND = YES;
				ENABLE_TESTABILITY = YES;
				GCC_C_LANGUAGE_STANDARD = gnu11;
				GCC_DYNAMIC_NO_PIC = NO;
				GCC_NO_COMMON_BLOCKS = YES;
				GCC_OPTIMIZATION_LEVEL = 0;
				GCC_PREPROCESSOR_DEFINITIONS = (
					"$(inherited)",
					"DEBUG=1",
				);
				GCC_WARN_64_TO_32_BIT_CONVERSION = YES;
				GCC_WARN_ABOUT_RETURN_TYPE = YES_ERROR;
				GCC_WARN_UNDECLARED_SELECTOR = YES;
				GCC_WARN_UNINITIALIZED_AUTOS = YES_AGGRESSIVE;
				GCC_WARN_UNUSED_FUNCTION = YES;
				GCC_WARN_UNUSED_VARIABLE = YES;
				IPHONEOS_DEPLOYMENT_TARGET = 17.0;
				MARKETING_VERSION = 1.0.0;
				MTL_ENABLE_DEBUG_INFO = INCLUDE_SOURCE;
				MTL_FAST_MATH = YES;
				ONLY_ACTIVE_ARCH = YES;
				PRODUCT_NAME = "$(TARGET_NAME)";
				SDKROOT = iphoneos;
				SWIFT_ACTIVE_COMPILATION_CONDITIONS = DEBUG;
				SWIFT_OPTIMIZATION_LEVEL = "-Onone";
				SWIFT_VERSION = 5.9;
			};
			name = Debug;
		};
/* End XCBuildConfiguration section */

/* Begin XCConfigurationList section */
		2207562F5AF5227E76471658 /* Build configuration list for PBXNativeTarget "Jubo" */ = {
			isa = XCConfigurationList;
			buildConfigurations = (
				6E1E3DB70666E91AF6EBB731 /* Debug */,
				90557DB1E84F01ED01B4E30D /* Release */,
			);
			defaultConfigurationIsVisible = 0;
			defaultConfigurationName = Debug;
		};
		762F51882EB047320FD2503F /* Build configuration list for PBXProject "Jubo" */ = {
			isa = XCConfigurationList;
			buildConfigurations = (
				A645E08FE5559DEEBA4F680D /* Debug */,
				361814D85D763B839A85BF25 /* Release */,
			);
			defaultConfigurationIsVisible = 0;
			defaultConfigurationName = Debug;
		};
/* End XCConfigurationList section */

/* Begin XCRemoteSwiftPackageReference section */
		3DCF7A5118D22704F7535484 /* XCRemoteSwiftPackageReference "mlx-swift-lm" */ = {
			isa = XCRemoteSwiftPackageReference;
			repositoryURL = "https://github.com/ml-explore/mlx-swift-lm";
			requirement = {
				branch = main;
				kind = branch;
			};
		};
/* End XCRemoteSwiftPackageReference section */

/* Begin XCSwiftPackageProductDependency section */
		0C601F555E65C56730F577A7 /* MLXLMCommon */ = {
			isa = XCSwiftPackageProductDependency;
			package = 3DCF7A5118D22704F7535484 /* XCRemoteSwiftPackageReference "mlx-swift-lm" */;
			productName = MLXLMCommon;
		};
		D4C5365B4C6DE80FE85529A2 /* MLXLLM */ = {
			isa = XCSwiftPackageProductDependency;
			package = 3DCF7A5118D22704F7535484 /* XCRemoteSwiftPackageReference "mlx-swift-lm" */;
			productName = MLXLLM;
		};
/* End XCSwiftPackageProductDependency section */
	};
	rootObject = D9F1A3B9BBE319275D0C4B66 /* Project object */;
}
